
Microsoft Visual Studio Solution File, Format Version 12.00
# Visual Studio Version 17
VisualStudioVersion = 17.8.34316.72
MinimumVisualStudioVersion = 10.0.40219.1
Project("{6EC3EE1D-3C4E-46DD-8F32-0CC8E7565705}") = "Quirk.Core", "Quirk.Core\Quirk.Core.fsproj", "{0D298771-4FDE-4CD2-B13C-0104529284DA}"
EndProject
Project("{6EC3EE1D-3C4E-46DD-8F32-0CC8E7565705}") = "Quirk.Core.Test", "Quirk.Core.Test\Quirk.Core.Test.fsproj", "{9D8D2C15-92B7-4FCD-A6D7-01D9BBE23491}"
EndProject
Project("{6EC3EE1D-3C4E-46DD-8F32-0CC8E7565705}") = "Quirk.Sorting.Test", "Quirk.Sorting.Test\Quirk.Sorting.Test.fsproj", "{26E60348-122A-47B2-AED1-E76BD9861F48}"
EndProject
Project("{6EC3EE1D-3C4E-46DD-8F32-0CC8E7565705}") = "Quirk.Sorting", "Quirk.Sorting\Quirk.Sorting.fsproj", "{2BCCD1E4-CA4F-46D5-B9C3-0435A870AD12}"
EndProject
Project("{6EC3EE1D-3C4E-46DD-8F32-0CC8E7565705}") = "Quirk.Iter", "Quirk.Iter\Quirk.Iter.fsproj", "{5B1DFF28-9DF9-494B-A667-240442E4147B}"
EndProject
Project("{6EC3EE1D-3C4E-46DD-8F32-0CC8E7565705}") = "Quirk.Runner", "Quirk.Runner\Quirk.Runner.fsproj", "{51777A1F-F3F8-4FA1-859B-F383EB584EA3}"
EndProject
Project("{6EC3EE1D-3C4E-46DD-8F32-0CC8E7565705}") = "Quirk.Benchmark", "Quirk.Benchmark\Quirk.Benchmark.fsproj", "{F9D5E0F6-191D-4136-B747-8146C6DD1543}"
EndProject
Project("{6EC3EE1D-3C4E-46DD-8F32-0CC8E7565705}") = "Quirk.SortingResults", "Quirk.SortingResults\Quirk.SortingResults.fsproj", "{20D2335C-2996-42A4-AC40-631482A7F983}"
EndProject
Project("{6EC3EE1D-3C4E-46DD-8F32-0CC8E7565705}") = "Quirk.RunIter", "Quirk.RunIter\Quirk.RunIter.fsproj", "{B5C01810-082C-4F50-9132-61D366143D56}"
EndProject
Project("{6EC3EE1D-3C4E-46DD-8F32-0CC8E7565705}") = "Quirk.Serialziation", "Quirk.Serialziation\Quirk.Serialziation.fsproj", "{0481C283-EEE5-4733-8397-EC3005F58566}"
EndProject
Project("{6EC3EE1D-3C4E-46DD-8F32-0CC8E7565705}") = "Quirk.Serialization.Test", "Quirk.Serialization.Test\Quirk.Serialization.Test.fsproj", "{8B8BBBE4-BFD5-4CAE-B3C0-4F3730A23DF0}"
EndProject
Project("{6EC3EE1D-3C4E-46DD-8F32-0CC8E7565705}") = "Quirk.Run.Core", "Quirk.Run.Core\Quirk.Run.Core.fsproj", "{C110E0E2-FD0E-4E11-9B32-3E16B1CEE00A}"
EndProject
Project("{6EC3EE1D-3C4E-46DD-8F32-0CC8E7565705}") = "Quirk.Run.Shc", "Quirk.Run.Shc\Quirk.Run.Shc.fsproj", "{B85ED56D-2D80-4C2A-90F4-F1749B419D84}"
EndProject
Project("{6EC3EE1D-3C4E-46DD-8F32-0CC8E7565705}") = "Quirk.Cfg.Core", "Quirk.Cfg.Core\Quirk.Cfg.Core.fsproj", "{0068C928-B588-4F68-8C34-AA1CB89A898B}"
EndProject
Project("{6EC3EE1D-3C4E-46DD-8F32-0CC8E7565705}") = "Quirk.Cfg", "Quirk.Cfg\Quirk.Cfg.fsproj", "{99ED0242-67E5-45DC-BF94-0269EEAF967F}"
EndProject
Project("{6EC3EE1D-3C4E-46DD-8F32-0CC8E7565705}") = "Quirk.Cfg.Serialization", "Quirk.Cfg.Serialization\Quirk.Cfg.Serialization.fsproj", "{97895986-5F19-4B85-A3DF-3A3B39A47FDD}"
EndProject
Project("{6EC3EE1D-3C4E-46DD-8F32-0CC8E7565705}") = "Quirk.Cfg.Serialization.Test", "Quirk.Cfg.Serialization.Test\Quirk.Cfg.Serialization.Test.fsproj", "{5113A272-4E37-4042-B6C5-004928A8C3F0}"
EndProject
Project("{6EC3EE1D-3C4E-46DD-8F32-0CC8E7565705}") = "Quirk.Cfg.Shc", "Quirk.Cfg.Shc\Quirk.Cfg.Shc.fsproj", "{7DC284A1-479C-4D12-9419-1C1A18CB392C}"
EndProject
Project("{9A19103F-16F7-4668-BE54-9A1E7A4F7556}") = "Quirk.UI.W", "Quirk.UI.W\Quirk.UI.W.csproj", "{6AD108DC-FF77-4553-8401-C74BDDBC8BE2}"
EndProject
Project("{9A19103F-16F7-4668-BE54-9A1E7A4F7556}") = "Quirk.UI.W.Core", "Quirk.UI.W.Core\Quirk.UI.W.Core.csproj", "{CF0AA9D8-089B-4B6D-A103-38CF9462333C}"
EndProject
Project("{9A19103F-16F7-4668-BE54-9A1E7A4F7556}") = "Quirk.UI.W.Tests.MSTest", "Quirk.UI.W.Tests.MSTest\Quirk.UI.W.Tests.MSTest.csproj", "{132D33BF-126E-400E-9AEE-827103D90C89}"
EndProject
Project("{F2A71F9B-5D33-465A-A702-920D77279786}") = "Quirk.Storage", "Quirk.Storage\Quirk.Storage.fsproj", "{CE2C8794-3499-47FD-A981-929D550B772A}"
EndProject
Project("{F2A71F9B-5D33-465A-A702-920D77279786}") = "Quirk.Project", "Quirk.Project\Quirk.Project.fsproj", "{E3484CE7-CC40-46E8-A876-0B56E4B9BB91}"
EndProject
Project("{6EC3EE1D-3C4E-46DD-8F32-0CC8E7565705}") = "Quirk.Script", "Quirk.Script\Quirk.Script.fsproj", "{512FE5F1-BEAC-4B90-9F2E-7E0304AFCE01}"
EndProject
Global
	GlobalSection(SolutionConfigurationPlatforms) = preSolution
		Debug|Any CPU = Debug|Any CPU
		Debug|arm64 = Debug|arm64
		Debug|x64 = Debug|x64
		Debug|x86 = Debug|x86
		Release|Any CPU = Release|Any CPU
		Release|arm64 = Release|arm64
		Release|x64 = Release|x64
		Release|x86 = Release|x86
	EndGlobalSection
	GlobalSection(ProjectConfigurationPlatforms) = postSolution
		{0D298771-4FDE-4CD2-B13C-0104529284DA}.Debug|Any CPU.ActiveCfg = Debug|Any CPU
		{0D298771-4FDE-4CD2-B13C-0104529284DA}.Debug|Any CPU.Build.0 = Debug|Any CPU
		{0D298771-4FDE-4CD2-B13C-0104529284DA}.Debug|arm64.ActiveCfg = Debug|Any CPU
		{0D298771-4FDE-4CD2-B13C-0104529284DA}.Debug|arm64.Build.0 = Debug|Any CPU
		{0D298771-4FDE-4CD2-B13C-0104529284DA}.Debug|x64.ActiveCfg = Debug|Any CPU
		{0D298771-4FDE-4CD2-B13C-0104529284DA}.Debug|x64.Build.0 = Debug|Any CPU
		{0D298771-4FDE-4CD2-B13C-0104529284DA}.Debug|x86.ActiveCfg = Debug|Any CPU
		{0D298771-4FDE-4CD2-B13C-0104529284DA}.Debug|x86.Build.0 = Debug|Any CPU
		{0D298771-4FDE-4CD2-B13C-0104529284DA}.Release|Any CPU.ActiveCfg = Release|Any CPU
		{0D298771-4FDE-4CD2-B13C-0104529284DA}.Release|Any CPU.Build.0 = Release|Any CPU
		{0D298771-4FDE-4CD2-B13C-0104529284DA}.Release|arm64.ActiveCfg = Release|Any CPU
		{0D298771-4FDE-4CD2-B13C-0104529284DA}.Release|arm64.Build.0 = Release|Any CPU
		{0D298771-4FDE-4CD2-B13C-0104529284DA}.Release|x64.ActiveCfg = Release|Any CPU
		{0D298771-4FDE-4CD2-B13C-0104529284DA}.Release|x64.Build.0 = Release|Any CPU
		{0D298771-4FDE-4CD2-B13C-0104529284DA}.Release|x86.ActiveCfg = Release|Any CPU
		{0D298771-4FDE-4CD2-B13C-0104529284DA}.Release|x86.Build.0 = Release|Any CPU
		{9D8D2C15-92B7-4FCD-A6D7-01D9BBE23491}.Debug|Any CPU.ActiveCfg = Debug|Any CPU
		{9D8D2C15-92B7-4FCD-A6D7-01D9BBE23491}.Debug|Any CPU.Build.0 = Debug|Any CPU
		{9D8D2C15-92B7-4FCD-A6D7-01D9BBE23491}.Debug|arm64.ActiveCfg = Debug|Any CPU
		{9D8D2C15-92B7-4FCD-A6D7-01D9BBE23491}.Debug|arm64.Build.0 = Debug|Any CPU
		{9D8D2C15-92B7-4FCD-A6D7-01D9BBE23491}.Debug|x64.ActiveCfg = Debug|Any CPU
		{9D8D2C15-92B7-4FCD-A6D7-01D9BBE23491}.Debug|x64.Build.0 = Debug|Any CPU
		{9D8D2C15-92B7-4FCD-A6D7-01D9BBE23491}.Debug|x86.ActiveCfg = Debug|Any CPU
		{9D8D2C15-92B7-4FCD-A6D7-01D9BBE23491}.Debug|x86.Build.0 = Debug|Any CPU
		{9D8D2C15-92B7-4FCD-A6D7-01D9BBE23491}.Release|Any CPU.ActiveCfg = Release|Any CPU
		{9D8D2C15-92B7-4FCD-A6D7-01D9BBE23491}.Release|Any CPU.Build.0 = Release|Any CPU
		{9D8D2C15-92B7-4FCD-A6D7-01D9BBE23491}.Release|arm64.ActiveCfg = Release|Any CPU
		{9D8D2C15-92B7-4FCD-A6D7-01D9BBE23491}.Release|arm64.Build.0 = Release|Any CPU
		{9D8D2C15-92B7-4FCD-A6D7-01D9BBE23491}.Release|x64.ActiveCfg = Release|Any CPU
		{9D8D2C15-92B7-4FCD-A6D7-01D9BBE23491}.Release|x64.Build.0 = Release|Any CPU
		{9D8D2C15-92B7-4FCD-A6D7-01D9BBE23491}.Release|x86.ActiveCfg = Release|Any CPU
		{9D8D2C15-92B7-4FCD-A6D7-01D9BBE23491}.Release|x86.Build.0 = Release|Any CPU
		{26E60348-122A-47B2-AED1-E76BD9861F48}.Debug|Any CPU.ActiveCfg = Debug|Any CPU
		{26E60348-122A-47B2-AED1-E76BD9861F48}.Debug|Any CPU.Build.0 = Debug|Any CPU
		{26E60348-122A-47B2-AED1-E76BD9861F48}.Debug|arm64.ActiveCfg = Debug|Any CPU
		{26E60348-122A-47B2-AED1-E76BD9861F48}.Debug|arm64.Build.0 = Debug|Any CPU
		{26E60348-122A-47B2-AED1-E76BD9861F48}.Debug|x64.ActiveCfg = Debug|Any CPU
		{26E60348-122A-47B2-AED1-E76BD9861F48}.Debug|x64.Build.0 = Debug|Any CPU
		{26E60348-122A-47B2-AED1-E76BD9861F48}.Debug|x86.ActiveCfg = Debug|Any CPU
		{26E60348-122A-47B2-AED1-E76BD9861F48}.Debug|x86.Build.0 = Debug|Any CPU
		{26E60348-122A-47B2-AED1-E76BD9861F48}.Release|Any CPU.ActiveCfg = Release|Any CPU
		{26E60348-122A-47B2-AED1-E76BD9861F48}.Release|Any CPU.Build.0 = Release|Any CPU
		{26E60348-122A-47B2-AED1-E76BD9861F48}.Release|arm64.ActiveCfg = Release|Any CPU
		{26E60348-122A-47B2-AED1-E76BD9861F48}.Release|arm64.Build.0 = Release|Any CPU
		{26E60348-122A-47B2-AED1-E76BD9861F48}.Release|x64.ActiveCfg = Release|Any CPU
		{26E60348-122A-47B2-AED1-E76BD9861F48}.Release|x64.Build.0 = Release|Any CPU
		{26E60348-122A-47B2-AED1-E76BD9861F48}.Release|x86.ActiveCfg = Release|Any CPU
		{26E60348-122A-47B2-AED1-E76BD9861F48}.Release|x86.Build.0 = Release|Any CPU
		{2BCCD1E4-CA4F-46D5-B9C3-0435A870AD12}.Debug|Any CPU.ActiveCfg = Debug|Any CPU
		{2BCCD1E4-CA4F-46D5-B9C3-0435A870AD12}.Debug|Any CPU.Build.0 = Debug|Any CPU
		{2BCCD1E4-CA4F-46D5-B9C3-0435A870AD12}.Debug|arm64.ActiveCfg = Debug|Any CPU
		{2BCCD1E4-CA4F-46D5-B9C3-0435A870AD12}.Debug|arm64.Build.0 = Debug|Any CPU
		{2BCCD1E4-CA4F-46D5-B9C3-0435A870AD12}.Debug|x64.ActiveCfg = Debug|Any CPU
		{2BCCD1E4-CA4F-46D5-B9C3-0435A870AD12}.Debug|x64.Build.0 = Debug|Any CPU
		{2BCCD1E4-CA4F-46D5-B9C3-0435A870AD12}.Debug|x86.ActiveCfg = Debug|Any CPU
		{2BCCD1E4-CA4F-46D5-B9C3-0435A870AD12}.Debug|x86.Build.0 = Debug|Any CPU
		{2BCCD1E4-CA4F-46D5-B9C3-0435A870AD12}.Release|Any CPU.ActiveCfg = Release|Any CPU
		{2BCCD1E4-CA4F-46D5-B9C3-0435A870AD12}.Release|Any CPU.Build.0 = Release|Any CPU
		{2BCCD1E4-CA4F-46D5-B9C3-0435A870AD12}.Release|arm64.ActiveCfg = Release|Any CPU
		{2BCCD1E4-CA4F-46D5-B9C3-0435A870AD12}.Release|arm64.Build.0 = Release|Any CPU
		{2BCCD1E4-CA4F-46D5-B9C3-0435A870AD12}.Release|x64.ActiveCfg = Release|Any CPU
		{2BCCD1E4-CA4F-46D5-B9C3-0435A870AD12}.Release|x64.Build.0 = Release|Any CPU
		{2BCCD1E4-CA4F-46D5-B9C3-0435A870AD12}.Release|x86.ActiveCfg = Release|Any CPU
		{2BCCD1E4-CA4F-46D5-B9C3-0435A870AD12}.Release|x86.Build.0 = Release|Any CPU
		{5B1DFF28-9DF9-494B-A667-240442E4147B}.Debug|Any CPU.ActiveCfg = Debug|Any CPU
		{5B1DFF28-9DF9-494B-A667-240442E4147B}.Debug|Any CPU.Build.0 = Debug|Any CPU
		{5B1DFF28-9DF9-494B-A667-240442E4147B}.Debug|arm64.ActiveCfg = Debug|Any CPU
		{5B1DFF28-9DF9-494B-A667-240442E4147B}.Debug|arm64.Build.0 = Debug|Any CPU
		{5B1DFF28-9DF9-494B-A667-240442E4147B}.Debug|x64.ActiveCfg = Debug|Any CPU
		{5B1DFF28-9DF9-494B-A667-240442E4147B}.Debug|x64.Build.0 = Debug|Any CPU
		{5B1DFF28-9DF9-494B-A667-240442E4147B}.Debug|x86.ActiveCfg = Debug|Any CPU
		{5B1DFF28-9DF9-494B-A667-240442E4147B}.Debug|x86.Build.0 = Debug|Any CPU
		{5B1DFF28-9DF9-494B-A667-240442E4147B}.Release|Any CPU.ActiveCfg = Release|Any CPU
		{5B1DFF28-9DF9-494B-A667-240442E4147B}.Release|Any CPU.Build.0 = Release|Any CPU
		{5B1DFF28-9DF9-494B-A667-240442E4147B}.Release|arm64.ActiveCfg = Release|Any CPU
		{5B1DFF28-9DF9-494B-A667-240442E4147B}.Release|arm64.Build.0 = Release|Any CPU
		{5B1DFF28-9DF9-494B-A667-240442E4147B}.Release|x64.ActiveCfg = Release|Any CPU
		{5B1DFF28-9DF9-494B-A667-240442E4147B}.Release|x64.Build.0 = Release|Any CPU
		{5B1DFF28-9DF9-494B-A667-240442E4147B}.Release|x86.ActiveCfg = Release|Any CPU
		{5B1DFF28-9DF9-494B-A667-240442E4147B}.Release|x86.Build.0 = Release|Any CPU
		{51777A1F-F3F8-4FA1-859B-F383EB584EA3}.Debug|Any CPU.ActiveCfg = Debug|Any CPU
		{51777A1F-F3F8-4FA1-859B-F383EB584EA3}.Debug|Any CPU.Build.0 = Debug|Any CPU
		{51777A1F-F3F8-4FA1-859B-F383EB584EA3}.Debug|arm64.ActiveCfg = Debug|Any CPU
		{51777A1F-F3F8-4FA1-859B-F383EB584EA3}.Debug|arm64.Build.0 = Debug|Any CPU
		{51777A1F-F3F8-4FA1-859B-F383EB584EA3}.Debug|x64.ActiveCfg = Debug|Any CPU
		{51777A1F-F3F8-4FA1-859B-F383EB584EA3}.Debug|x64.Build.0 = Debug|Any CPU
		{51777A1F-F3F8-4FA1-859B-F383EB584EA3}.Debug|x86.ActiveCfg = Debug|Any CPU
		{51777A1F-F3F8-4FA1-859B-F383EB584EA3}.Debug|x86.Build.0 = Debug|Any CPU
		{51777A1F-F3F8-4FA1-859B-F383EB584EA3}.Release|Any CPU.ActiveCfg = Release|Any CPU
		{51777A1F-F3F8-4FA1-859B-F383EB584EA3}.Release|Any CPU.Build.0 = Release|Any CPU
		{51777A1F-F3F8-4FA1-859B-F383EB584EA3}.Release|arm64.ActiveCfg = Release|Any CPU
		{51777A1F-F3F8-4FA1-859B-F383EB584EA3}.Release|arm64.Build.0 = Release|Any CPU
		{51777A1F-F3F8-4FA1-859B-F383EB584EA3}.Release|x64.ActiveCfg = Release|Any CPU
		{51777A1F-F3F8-4FA1-859B-F383EB584EA3}.Release|x64.Build.0 = Release|Any CPU
		{51777A1F-F3F8-4FA1-859B-F383EB584EA3}.Release|x86.ActiveCfg = Release|Any CPU
		{51777A1F-F3F8-4FA1-859B-F383EB584EA3}.Release|x86.Build.0 = Release|Any CPU
		{F9D5E0F6-191D-4136-B747-8146C6DD1543}.Debug|Any CPU.ActiveCfg = Debug|Any CPU
		{F9D5E0F6-191D-4136-B747-8146C6DD1543}.Debug|Any CPU.Build.0 = Debug|Any CPU
		{F9D5E0F6-191D-4136-B747-8146C6DD1543}.Debug|arm64.ActiveCfg = Debug|Any CPU
		{F9D5E0F6-191D-4136-B747-8146C6DD1543}.Debug|arm64.Build.0 = Debug|Any CPU
		{F9D5E0F6-191D-4136-B747-8146C6DD1543}.Debug|x64.ActiveCfg = Debug|Any CPU
		{F9D5E0F6-191D-4136-B747-8146C6DD1543}.Debug|x64.Build.0 = Debug|Any CPU
		{F9D5E0F6-191D-4136-B747-8146C6DD1543}.Debug|x86.ActiveCfg = Debug|Any CPU
		{F9D5E0F6-191D-4136-B747-8146C6DD1543}.Debug|x86.Build.0 = Debug|Any CPU
		{F9D5E0F6-191D-4136-B747-8146C6DD1543}.Release|Any CPU.ActiveCfg = Release|Any CPU
		{F9D5E0F6-191D-4136-B747-8146C6DD1543}.Release|Any CPU.Build.0 = Release|Any CPU
		{F9D5E0F6-191D-4136-B747-8146C6DD1543}.Release|arm64.ActiveCfg = Release|Any CPU
		{F9D5E0F6-191D-4136-B747-8146C6DD1543}.Release|arm64.Build.0 = Release|Any CPU
		{F9D5E0F6-191D-4136-B747-8146C6DD1543}.Release|x64.ActiveCfg = Release|Any CPU
		{F9D5E0F6-191D-4136-B747-8146C6DD1543}.Release|x64.Build.0 = Release|Any CPU
		{F9D5E0F6-191D-4136-B747-8146C6DD1543}.Release|x86.ActiveCfg = Release|Any CPU
		{F9D5E0F6-191D-4136-B747-8146C6DD1543}.Release|x86.Build.0 = Release|Any CPU
		{20D2335C-2996-42A4-AC40-631482A7F983}.Debug|Any CPU.ActiveCfg = Debug|Any CPU
		{20D2335C-2996-42A4-AC40-631482A7F983}.Debug|Any CPU.Build.0 = Debug|Any CPU
		{20D2335C-2996-42A4-AC40-631482A7F983}.Debug|arm64.ActiveCfg = Debug|Any CPU
		{20D2335C-2996-42A4-AC40-631482A7F983}.Debug|arm64.Build.0 = Debug|Any CPU
		{20D2335C-2996-42A4-AC40-631482A7F983}.Debug|x64.ActiveCfg = Debug|Any CPU
		{20D2335C-2996-42A4-AC40-631482A7F983}.Debug|x64.Build.0 = Debug|Any CPU
		{20D2335C-2996-42A4-AC40-631482A7F983}.Debug|x86.ActiveCfg = Debug|Any CPU
		{20D2335C-2996-42A4-AC40-631482A7F983}.Debug|x86.Build.0 = Debug|Any CPU
		{20D2335C-2996-42A4-AC40-631482A7F983}.Release|Any CPU.ActiveCfg = Release|Any CPU
		{20D2335C-2996-42A4-AC40-631482A7F983}.Release|Any CPU.Build.0 = Release|Any CPU
		{20D2335C-2996-42A4-AC40-631482A7F983}.Release|arm64.ActiveCfg = Release|Any CPU
		{20D2335C-2996-42A4-AC40-631482A7F983}.Release|arm64.Build.0 = Release|Any CPU
		{20D2335C-2996-42A4-AC40-631482A7F983}.Release|x64.ActiveCfg = Release|Any CPU
		{20D2335C-2996-42A4-AC40-631482A7F983}.Release|x64.Build.0 = Release|Any CPU
		{20D2335C-2996-42A4-AC40-631482A7F983}.Release|x86.ActiveCfg = Release|Any CPU
		{20D2335C-2996-42A4-AC40-631482A7F983}.Release|x86.Build.0 = Release|Any CPU
		{B5C01810-082C-4F50-9132-61D366143D56}.Debug|Any CPU.ActiveCfg = Debug|Any CPU
		{B5C01810-082C-4F50-9132-61D366143D56}.Debug|Any CPU.Build.0 = Debug|Any CPU
		{B5C01810-082C-4F50-9132-61D366143D56}.Debug|arm64.ActiveCfg = Debug|Any CPU
		{B5C01810-082C-4F50-9132-61D366143D56}.Debug|arm64.Build.0 = Debug|Any CPU
		{B5C01810-082C-4F50-9132-61D366143D56}.Debug|x64.ActiveCfg = Debug|Any CPU
		{B5C01810-082C-4F50-9132-61D366143D56}.Debug|x64.Build.0 = Debug|Any CPU
		{B5C01810-082C-4F50-9132-61D366143D56}.Debug|x86.ActiveCfg = Debug|Any CPU
		{B5C01810-082C-4F50-9132-61D366143D56}.Debug|x86.Build.0 = Debug|Any CPU
		{B5C01810-082C-4F50-9132-61D366143D56}.Release|Any CPU.ActiveCfg = Release|Any CPU
		{B5C01810-082C-4F50-9132-61D366143D56}.Release|Any CPU.Build.0 = Release|Any CPU
		{B5C01810-082C-4F50-9132-61D366143D56}.Release|arm64.ActiveCfg = Release|Any CPU
		{B5C01810-082C-4F50-9132-61D366143D56}.Release|arm64.Build.0 = Release|Any CPU
		{B5C01810-082C-4F50-9132-61D366143D56}.Release|x64.ActiveCfg = Release|Any CPU
		{B5C01810-082C-4F50-9132-61D366143D56}.Release|x64.Build.0 = Release|Any CPU
		{B5C01810-082C-4F50-9132-61D366143D56}.Release|x86.ActiveCfg = Release|Any CPU
		{B5C01810-082C-4F50-9132-61D366143D56}.Release|x86.Build.0 = Release|Any CPU
		{0481C283-EEE5-4733-8397-EC3005F58566}.Debug|Any CPU.ActiveCfg = Debug|Any CPU
		{0481C283-EEE5-4733-8397-EC3005F58566}.Debug|Any CPU.Build.0 = Debug|Any CPU
		{0481C283-EEE5-4733-8397-EC3005F58566}.Debug|arm64.ActiveCfg = Debug|Any CPU
		{0481C283-EEE5-4733-8397-EC3005F58566}.Debug|arm64.Build.0 = Debug|Any CPU
		{0481C283-EEE5-4733-8397-EC3005F58566}.Debug|x64.ActiveCfg = Debug|Any CPU
		{0481C283-EEE5-4733-8397-EC3005F58566}.Debug|x64.Build.0 = Debug|Any CPU
		{0481C283-EEE5-4733-8397-EC3005F58566}.Debug|x86.ActiveCfg = Debug|Any CPU
		{0481C283-EEE5-4733-8397-EC3005F58566}.Debug|x86.Build.0 = Debug|Any CPU
		{0481C283-EEE5-4733-8397-EC3005F58566}.Release|Any CPU.ActiveCfg = Release|Any CPU
		{0481C283-EEE5-4733-8397-EC3005F58566}.Release|Any CPU.Build.0 = Release|Any CPU
		{0481C283-EEE5-4733-8397-EC3005F58566}.Release|arm64.ActiveCfg = Release|Any CPU
		{0481C283-EEE5-4733-8397-EC3005F58566}.Release|arm64.Build.0 = Release|Any CPU
		{0481C283-EEE5-4733-8397-EC3005F58566}.Release|x64.ActiveCfg = Release|Any CPU
		{0481C283-EEE5-4733-8397-EC3005F58566}.Release|x64.Build.0 = Release|Any CPU
		{0481C283-EEE5-4733-8397-EC3005F58566}.Release|x86.ActiveCfg = Release|Any CPU
		{0481C283-EEE5-4733-8397-EC3005F58566}.Release|x86.Build.0 = Release|Any CPU
		{8B8BBBE4-BFD5-4CAE-B3C0-4F3730A23DF0}.Debug|Any CPU.ActiveCfg = Debug|Any CPU
		{8B8BBBE4-BFD5-4CAE-B3C0-4F3730A23DF0}.Debug|Any CPU.Build.0 = Debug|Any CPU
		{8B8BBBE4-BFD5-4CAE-B3C0-4F3730A23DF0}.Debug|arm64.ActiveCfg = Debug|Any CPU
		{8B8BBBE4-BFD5-4CAE-B3C0-4F3730A23DF0}.Debug|arm64.Build.0 = Debug|Any CPU
		{8B8BBBE4-BFD5-4CAE-B3C0-4F3730A23DF0}.Debug|x64.ActiveCfg = Debug|Any CPU
		{8B8BBBE4-BFD5-4CAE-B3C0-4F3730A23DF0}.Debug|x64.Build.0 = Debug|Any CPU
		{8B8BBBE4-BFD5-4CAE-B3C0-4F3730A23DF0}.Debug|x86.ActiveCfg = Debug|Any CPU
		{8B8BBBE4-BFD5-4CAE-B3C0-4F3730A23DF0}.Debug|x86.Build.0 = Debug|Any CPU
		{8B8BBBE4-BFD5-4CAE-B3C0-4F3730A23DF0}.Release|Any CPU.ActiveCfg = Release|Any CPU
		{8B8BBBE4-BFD5-4CAE-B3C0-4F3730A23DF0}.Release|Any CPU.Build.0 = Release|Any CPU
		{8B8BBBE4-BFD5-4CAE-B3C0-4F3730A23DF0}.Release|arm64.ActiveCfg = Release|Any CPU
		{8B8BBBE4-BFD5-4CAE-B3C0-4F3730A23DF0}.Release|arm64.Build.0 = Release|Any CPU
		{8B8BBBE4-BFD5-4CAE-B3C0-4F3730A23DF0}.Release|x64.ActiveCfg = Release|Any CPU
		{8B8BBBE4-BFD5-4CAE-B3C0-4F3730A23DF0}.Release|x64.Build.0 = Release|Any CPU
		{8B8BBBE4-BFD5-4CAE-B3C0-4F3730A23DF0}.Release|x86.ActiveCfg = Release|Any CPU
		{8B8BBBE4-BFD5-4CAE-B3C0-4F3730A23DF0}.Release|x86.Build.0 = Release|Any CPU
		{C110E0E2-FD0E-4E11-9B32-3E16B1CEE00A}.Debug|Any CPU.ActiveCfg = Debug|Any CPU
		{C110E0E2-FD0E-4E11-9B32-3E16B1CEE00A}.Debug|Any CPU.Build.0 = Debug|Any CPU
		{C110E0E2-FD0E-4E11-9B32-3E16B1CEE00A}.Debug|arm64.ActiveCfg = Debug|Any CPU
		{C110E0E2-FD0E-4E11-9B32-3E16B1CEE00A}.Debug|arm64.Build.0 = Debug|Any CPU
		{C110E0E2-FD0E-4E11-9B32-3E16B1CEE00A}.Debug|x64.ActiveCfg = Debug|Any CPU
		{C110E0E2-FD0E-4E11-9B32-3E16B1CEE00A}.Debug|x64.Build.0 = Debug|Any CPU
		{C110E0E2-FD0E-4E11-9B32-3E16B1CEE00A}.Debug|x86.ActiveCfg = Debug|Any CPU
		{C110E0E2-FD0E-4E11-9B32-3E16B1CEE00A}.Debug|x86.Build.0 = Debug|Any CPU
		{C110E0E2-FD0E-4E11-9B32-3E16B1CEE00A}.Release|Any CPU.ActiveCfg = Release|Any CPU
		{C110E0E2-FD0E-4E11-9B32-3E16B1CEE00A}.Release|Any CPU.Build.0 = Release|Any CPU
		{C110E0E2-FD0E-4E11-9B32-3E16B1CEE00A}.Release|arm64.ActiveCfg = Release|Any CPU
		{C110E0E2-FD0E-4E11-9B32-3E16B1CEE00A}.Release|arm64.Build.0 = Release|Any CPU
		{C110E0E2-FD0E-4E11-9B32-3E16B1CEE00A}.Release|x64.ActiveCfg = Release|Any CPU
		{C110E0E2-FD0E-4E11-9B32-3E16B1CEE00A}.Release|x64.Build.0 = Release|Any CPU
		{C110E0E2-FD0E-4E11-9B32-3E16B1CEE00A}.Release|x86.ActiveCfg = Release|Any CPU
		{C110E0E2-FD0E-4E11-9B32-3E16B1CEE00A}.Release|x86.Build.0 = Release|Any CPU
		{B85ED56D-2D80-4C2A-90F4-F1749B419D84}.Debug|Any CPU.ActiveCfg = Debug|Any CPU
		{B85ED56D-2D80-4C2A-90F4-F1749B419D84}.Debug|Any CPU.Build.0 = Debug|Any CPU
		{B85ED56D-2D80-4C2A-90F4-F1749B419D84}.Debug|arm64.ActiveCfg = Debug|Any CPU
		{B85ED56D-2D80-4C2A-90F4-F1749B419D84}.Debug|arm64.Build.0 = Debug|Any CPU
		{B85ED56D-2D80-4C2A-90F4-F1749B419D84}.Debug|x64.ActiveCfg = Debug|Any CPU
		{B85ED56D-2D80-4C2A-90F4-F1749B419D84}.Debug|x64.Build.0 = Debug|Any CPU
		{B85ED56D-2D80-4C2A-90F4-F1749B419D84}.Debug|x86.ActiveCfg = Debug|Any CPU
		{B85ED56D-2D80-4C2A-90F4-F1749B419D84}.Debug|x86.Build.0 = Debug|Any CPU
		{B85ED56D-2D80-4C2A-90F4-F1749B419D84}.Release|Any CPU.ActiveCfg = Release|Any CPU
		{B85ED56D-2D80-4C2A-90F4-F1749B419D84}.Release|Any CPU.Build.0 = Release|Any CPU
		{B85ED56D-2D80-4C2A-90F4-F1749B419D84}.Release|arm64.ActiveCfg = Release|Any CPU
		{B85ED56D-2D80-4C2A-90F4-F1749B419D84}.Release|arm64.Build.0 = Release|Any CPU
		{B85ED56D-2D80-4C2A-90F4-F1749B419D84}.Release|x64.ActiveCfg = Release|Any CPU
		{B85ED56D-2D80-4C2A-90F4-F1749B419D84}.Release|x64.Build.0 = Release|Any CPU
		{B85ED56D-2D80-4C2A-90F4-F1749B419D84}.Release|x86.ActiveCfg = Release|Any CPU
		{B85ED56D-2D80-4C2A-90F4-F1749B419D84}.Release|x86.Build.0 = Release|Any CPU
		{0068C928-B588-4F68-8C34-AA1CB89A898B}.Debug|Any CPU.ActiveCfg = Debug|Any CPU
		{0068C928-B588-4F68-8C34-AA1CB89A898B}.Debug|Any CPU.Build.0 = Debug|Any CPU
		{0068C928-B588-4F68-8C34-AA1CB89A898B}.Debug|arm64.ActiveCfg = Debug|Any CPU
		{0068C928-B588-4F68-8C34-AA1CB89A898B}.Debug|arm64.Build.0 = Debug|Any CPU
		{0068C928-B588-4F68-8C34-AA1CB89A898B}.Debug|x64.ActiveCfg = Debug|Any CPU
		{0068C928-B588-4F68-8C34-AA1CB89A898B}.Debug|x64.Build.0 = Debug|Any CPU
		{0068C928-B588-4F68-8C34-AA1CB89A898B}.Debug|x86.ActiveCfg = Debug|Any CPU
		{0068C928-B588-4F68-8C34-AA1CB89A898B}.Debug|x86.Build.0 = Debug|Any CPU
		{0068C928-B588-4F68-8C34-AA1CB89A898B}.Release|Any CPU.ActiveCfg = Release|Any CPU
		{0068C928-B588-4F68-8C34-AA1CB89A898B}.Release|Any CPU.Build.0 = Release|Any CPU
		{0068C928-B588-4F68-8C34-AA1CB89A898B}.Release|arm64.ActiveCfg = Release|Any CPU
		{0068C928-B588-4F68-8C34-AA1CB89A898B}.Release|arm64.Build.0 = Release|Any CPU
		{0068C928-B588-4F68-8C34-AA1CB89A898B}.Release|x64.ActiveCfg = Release|Any CPU
		{0068C928-B588-4F68-8C34-AA1CB89A898B}.Release|x64.Build.0 = Release|Any CPU
		{0068C928-B588-4F68-8C34-AA1CB89A898B}.Release|x86.ActiveCfg = Release|Any CPU
		{0068C928-B588-4F68-8C34-AA1CB89A898B}.Release|x86.Build.0 = Release|Any CPU
		{99ED0242-67E5-45DC-BF94-0269EEAF967F}.Debug|Any CPU.ActiveCfg = Debug|Any CPU
		{99ED0242-67E5-45DC-BF94-0269EEAF967F}.Debug|Any CPU.Build.0 = Debug|Any CPU
		{99ED0242-67E5-45DC-BF94-0269EEAF967F}.Debug|arm64.ActiveCfg = Debug|Any CPU
		{99ED0242-67E5-45DC-BF94-0269EEAF967F}.Debug|arm64.Build.0 = Debug|Any CPU
		{99ED0242-67E5-45DC-BF94-0269EEAF967F}.Debug|x64.ActiveCfg = Debug|Any CPU
		{99ED0242-67E5-45DC-BF94-0269EEAF967F}.Debug|x64.Build.0 = Debug|Any CPU
		{99ED0242-67E5-45DC-BF94-0269EEAF967F}.Debug|x86.ActiveCfg = Debug|Any CPU
		{99ED0242-67E5-45DC-BF94-0269EEAF967F}.Debug|x86.Build.0 = Debug|Any CPU
		{99ED0242-67E5-45DC-BF94-0269EEAF967F}.Release|Any CPU.ActiveCfg = Release|Any CPU
		{99ED0242-67E5-45DC-BF94-0269EEAF967F}.Release|Any CPU.Build.0 = Release|Any CPU
		{99ED0242-67E5-45DC-BF94-0269EEAF967F}.Release|arm64.ActiveCfg = Release|Any CPU
		{99ED0242-67E5-45DC-BF94-0269EEAF967F}.Release|arm64.Build.0 = Release|Any CPU
		{99ED0242-67E5-45DC-BF94-0269EEAF967F}.Release|x64.ActiveCfg = Release|Any CPU
		{99ED0242-67E5-45DC-BF94-0269EEAF967F}.Release|x64.Build.0 = Release|Any CPU
		{99ED0242-67E5-45DC-BF94-0269EEAF967F}.Release|x86.ActiveCfg = Release|Any CPU
		{99ED0242-67E5-45DC-BF94-0269EEAF967F}.Release|x86.Build.0 = Release|Any CPU
		{97895986-5F19-4B85-A3DF-3A3B39A47FDD}.Debug|Any CPU.ActiveCfg = Debug|Any CPU
		{97895986-5F19-4B85-A3DF-3A3B39A47FDD}.Debug|Any CPU.Build.0 = Debug|Any CPU
		{97895986-5F19-4B85-A3DF-3A3B39A47FDD}.Debug|arm64.ActiveCfg = Debug|Any CPU
		{97895986-5F19-4B85-A3DF-3A3B39A47FDD}.Debug|arm64.Build.0 = Debug|Any CPU
		{97895986-5F19-4B85-A3DF-3A3B39A47FDD}.Debug|x64.ActiveCfg = Debug|Any CPU
		{97895986-5F19-4B85-A3DF-3A3B39A47FDD}.Debug|x64.Build.0 = Debug|Any CPU
		{97895986-5F19-4B85-A3DF-3A3B39A47FDD}.Debug|x86.ActiveCfg = Debug|Any CPU
		{97895986-5F19-4B85-A3DF-3A3B39A47FDD}.Debug|x86.Build.0 = Debug|Any CPU
		{97895986-5F19-4B85-A3DF-3A3B39A47FDD}.Release|Any CPU.ActiveCfg = Release|Any CPU
		{97895986-5F19-4B85-A3DF-3A3B39A47FDD}.Release|Any CPU.Build.0 = Release|Any CPU
		{97895986-5F19-4B85-A3DF-3A3B39A47FDD}.Release|arm64.ActiveCfg = Release|Any CPU
		{97895986-5F19-4B85-A3DF-3A3B39A47FDD}.Release|arm64.Build.0 = Release|Any CPU
		{97895986-5F19-4B85-A3DF-3A3B39A47FDD}.Release|x64.ActiveCfg = Release|Any CPU
		{97895986-5F19-4B85-A3DF-3A3B39A47FDD}.Release|x64.Build.0 = Release|Any CPU
		{97895986-5F19-4B85-A3DF-3A3B39A47FDD}.Release|x86.ActiveCfg = Release|Any CPU
		{97895986-5F19-4B85-A3DF-3A3B39A47FDD}.Release|x86.Build.0 = Release|Any CPU
		{5113A272-4E37-4042-B6C5-004928A8C3F0}.Debug|Any CPU.ActiveCfg = Debug|Any CPU
		{5113A272-4E37-4042-B6C5-004928A8C3F0}.Debug|Any CPU.Build.0 = Debug|Any CPU
		{5113A272-4E37-4042-B6C5-004928A8C3F0}.Debug|arm64.ActiveCfg = Debug|Any CPU
		{5113A272-4E37-4042-B6C5-004928A8C3F0}.Debug|arm64.Build.0 = Debug|Any CPU
		{5113A272-4E37-4042-B6C5-004928A8C3F0}.Debug|x64.ActiveCfg = Debug|Any CPU
		{5113A272-4E37-4042-B6C5-004928A8C3F0}.Debug|x64.Build.0 = Debug|Any CPU
		{5113A272-4E37-4042-B6C5-004928A8C3F0}.Debug|x86.ActiveCfg = Debug|Any CPU
		{5113A272-4E37-4042-B6C5-004928A8C3F0}.Debug|x86.Build.0 = Debug|Any CPU
		{5113A272-4E37-4042-B6C5-004928A8C3F0}.Release|Any CPU.ActiveCfg = Release|Any CPU
		{5113A272-4E37-4042-B6C5-004928A8C3F0}.Release|Any CPU.Build.0 = Release|Any CPU
		{5113A272-4E37-4042-B6C5-004928A8C3F0}.Release|arm64.ActiveCfg = Release|Any CPU
		{5113A272-4E37-4042-B6C5-004928A8C3F0}.Release|arm64.Build.0 = Release|Any CPU
		{5113A272-4E37-4042-B6C5-004928A8C3F0}.Release|x64.ActiveCfg = Release|Any CPU
		{5113A272-4E37-4042-B6C5-004928A8C3F0}.Release|x64.Build.0 = Release|Any CPU
		{5113A272-4E37-4042-B6C5-004928A8C3F0}.Release|x86.ActiveCfg = Release|Any CPU
		{5113A272-4E37-4042-B6C5-004928A8C3F0}.Release|x86.Build.0 = Release|Any CPU
		{7DC284A1-479C-4D12-9419-1C1A18CB392C}.Debug|Any CPU.ActiveCfg = Debug|Any CPU
		{7DC284A1-479C-4D12-9419-1C1A18CB392C}.Debug|Any CPU.Build.0 = Debug|Any CPU
		{7DC284A1-479C-4D12-9419-1C1A18CB392C}.Debug|arm64.ActiveCfg = Debug|Any CPU
		{7DC284A1-479C-4D12-9419-1C1A18CB392C}.Debug|arm64.Build.0 = Debug|Any CPU
		{7DC284A1-479C-4D12-9419-1C1A18CB392C}.Debug|x64.ActiveCfg = Debug|Any CPU
		{7DC284A1-479C-4D12-9419-1C1A18CB392C}.Debug|x64.Build.0 = Debug|Any CPU
		{7DC284A1-479C-4D12-9419-1C1A18CB392C}.Debug|x86.ActiveCfg = Debug|Any CPU
		{7DC284A1-479C-4D12-9419-1C1A18CB392C}.Debug|x86.Build.0 = Debug|Any CPU
		{7DC284A1-479C-4D12-9419-1C1A18CB392C}.Release|Any CPU.ActiveCfg = Release|Any CPU
		{7DC284A1-479C-4D12-9419-1C1A18CB392C}.Release|Any CPU.Build.0 = Release|Any CPU
		{7DC284A1-479C-4D12-9419-1C1A18CB392C}.Release|arm64.ActiveCfg = Release|Any CPU
		{7DC284A1-479C-4D12-9419-1C1A18CB392C}.Release|arm64.Build.0 = Release|Any CPU
		{7DC284A1-479C-4D12-9419-1C1A18CB392C}.Release|x64.ActiveCfg = Release|Any CPU
		{7DC284A1-479C-4D12-9419-1C1A18CB392C}.Release|x64.Build.0 = Release|Any CPU
		{7DC284A1-479C-4D12-9419-1C1A18CB392C}.Release|x86.ActiveCfg = Release|Any CPU
		{7DC284A1-479C-4D12-9419-1C1A18CB392C}.Release|x86.Build.0 = Release|Any CPU
		{6AD108DC-FF77-4553-8401-C74BDDBC8BE2}.Debug|Any CPU.ActiveCfg = Debug|x64
		{6AD108DC-FF77-4553-8401-C74BDDBC8BE2}.Debug|Any CPU.Build.0 = Debug|x64
		{6AD108DC-FF77-4553-8401-C74BDDBC8BE2}.Debug|Any CPU.Deploy.0 = Debug|x64
		{6AD108DC-FF77-4553-8401-C74BDDBC8BE2}.Debug|arm64.ActiveCfg = Debug|arm64
		{6AD108DC-FF77-4553-8401-C74BDDBC8BE2}.Debug|arm64.Build.0 = Debug|arm64
		{6AD108DC-FF77-4553-8401-C74BDDBC8BE2}.Debug|arm64.Deploy.0 = Debug|arm64
		{6AD108DC-FF77-4553-8401-C74BDDBC8BE2}.Debug|x64.ActiveCfg = Debug|x64
		{6AD108DC-FF77-4553-8401-C74BDDBC8BE2}.Debug|x64.Build.0 = Debug|x64
		{6AD108DC-FF77-4553-8401-C74BDDBC8BE2}.Debug|x64.Deploy.0 = Debug|x64
		{6AD108DC-FF77-4553-8401-C74BDDBC8BE2}.Debug|x86.ActiveCfg = Debug|x86
		{6AD108DC-FF77-4553-8401-C74BDDBC8BE2}.Debug|x86.Build.0 = Debug|x86
		{6AD108DC-FF77-4553-8401-C74BDDBC8BE2}.Debug|x86.Deploy.0 = Debug|x86
		{6AD108DC-FF77-4553-8401-C74BDDBC8BE2}.Release|Any CPU.ActiveCfg = Release|x64
		{6AD108DC-FF77-4553-8401-C74BDDBC8BE2}.Release|Any CPU.Build.0 = Release|x64
		{6AD108DC-FF77-4553-8401-C74BDDBC8BE2}.Release|Any CPU.Deploy.0 = Release|x64
		{6AD108DC-FF77-4553-8401-C74BDDBC8BE2}.Release|arm64.ActiveCfg = Release|arm64
		{6AD108DC-FF77-4553-8401-C74BDDBC8BE2}.Release|arm64.Build.0 = Release|arm64
		{6AD108DC-FF77-4553-8401-C74BDDBC8BE2}.Release|arm64.Deploy.0 = Release|arm64
		{6AD108DC-FF77-4553-8401-C74BDDBC8BE2}.Release|x64.ActiveCfg = Release|x64
		{6AD108DC-FF77-4553-8401-C74BDDBC8BE2}.Release|x64.Build.0 = Release|x64
		{6AD108DC-FF77-4553-8401-C74BDDBC8BE2}.Release|x64.Deploy.0 = Release|x64
		{6AD108DC-FF77-4553-8401-C74BDDBC8BE2}.Release|x86.ActiveCfg = Release|x86
		{6AD108DC-FF77-4553-8401-C74BDDBC8BE2}.Release|x86.Build.0 = Release|x86
		{6AD108DC-FF77-4553-8401-C74BDDBC8BE2}.Release|x86.Deploy.0 = Release|x86
		{CF0AA9D8-089B-4B6D-A103-38CF9462333C}.Debug|Any CPU.ActiveCfg = Debug|Any CPU
		{CF0AA9D8-089B-4B6D-A103-38CF9462333C}.Debug|Any CPU.Build.0 = Debug|Any CPU
		{CF0AA9D8-089B-4B6D-A103-38CF9462333C}.Debug|arm64.ActiveCfg = Debug|arm64
		{CF0AA9D8-089B-4B6D-A103-38CF9462333C}.Debug|arm64.Build.0 = Debug|arm64
		{CF0AA9D8-089B-4B6D-A103-38CF9462333C}.Debug|x64.ActiveCfg = Debug|x64
		{CF0AA9D8-089B-4B6D-A103-38CF9462333C}.Debug|x64.Build.0 = Debug|x64
		{CF0AA9D8-089B-4B6D-A103-38CF9462333C}.Debug|x86.ActiveCfg = Debug|x86
		{CF0AA9D8-089B-4B6D-A103-38CF9462333C}.Debug|x86.Build.0 = Debug|x86
		{CF0AA9D8-089B-4B6D-A103-38CF9462333C}.Release|Any CPU.ActiveCfg = Release|Any CPU
		{CF0AA9D8-089B-4B6D-A103-38CF9462333C}.Release|Any CPU.Build.0 = Release|Any CPU
		{CF0AA9D8-089B-4B6D-A103-38CF9462333C}.Release|arm64.ActiveCfg = Release|arm64
		{CF0AA9D8-089B-4B6D-A103-38CF9462333C}.Release|arm64.Build.0 = Release|arm64
		{CF0AA9D8-089B-4B6D-A103-38CF9462333C}.Release|x64.ActiveCfg = Release|x64
		{CF0AA9D8-089B-4B6D-A103-38CF9462333C}.Release|x64.Build.0 = Release|x64
		{CF0AA9D8-089B-4B6D-A103-38CF9462333C}.Release|x86.ActiveCfg = Release|x86
		{CF0AA9D8-089B-4B6D-A103-38CF9462333C}.Release|x86.Build.0 = Release|x86
		{132D33BF-126E-400E-9AEE-827103D90C89}.Debug|Any CPU.ActiveCfg = Debug|x64
		{132D33BF-126E-400E-9AEE-827103D90C89}.Debug|Any CPU.Build.0 = Debug|x64
		{132D33BF-126E-400E-9AEE-827103D90C89}.Debug|arm64.ActiveCfg = Debug|arm64
		{132D33BF-126E-400E-9AEE-827103D90C89}.Debug|arm64.Build.0 = Debug|arm64
		{132D33BF-126E-400E-9AEE-827103D90C89}.Debug|x64.ActiveCfg = Debug|x64
		{132D33BF-126E-400E-9AEE-827103D90C89}.Debug|x64.Build.0 = Debug|x64
		{132D33BF-126E-400E-9AEE-827103D90C89}.Debug|x86.ActiveCfg = Debug|x86
		{132D33BF-126E-400E-9AEE-827103D90C89}.Debug|x86.Build.0 = Debug|x86
		{132D33BF-126E-400E-9AEE-827103D90C89}.Release|Any CPU.ActiveCfg = Release|x64
		{132D33BF-126E-400E-9AEE-827103D90C89}.Release|Any CPU.Build.0 = Release|x64
		{132D33BF-126E-400E-9AEE-827103D90C89}.Release|arm64.ActiveCfg = Release|arm64
		{132D33BF-126E-400E-9AEE-827103D90C89}.Release|arm64.Build.0 = Release|arm64
		{132D33BF-126E-400E-9AEE-827103D90C89}.Release|x64.ActiveCfg = Release|x64
		{132D33BF-126E-400E-9AEE-827103D90C89}.Release|x64.Build.0 = Release|x64
		{132D33BF-126E-400E-9AEE-827103D90C89}.Release|x86.ActiveCfg = Release|x86
		{132D33BF-126E-400E-9AEE-827103D90C89}.Release|x86.Build.0 = Release|x86
		{CE2C8794-3499-47FD-A981-929D550B772A}.Debug|Any CPU.ActiveCfg = Debug|Any CPU
		{CE2C8794-3499-47FD-A981-929D550B772A}.Debug|Any CPU.Build.0 = Debug|Any CPU
		{CE2C8794-3499-47FD-A981-929D550B772A}.Debug|arm64.ActiveCfg = Debug|Any CPU
		{CE2C8794-3499-47FD-A981-929D550B772A}.Debug|arm64.Build.0 = Debug|Any CPU
		{CE2C8794-3499-47FD-A981-929D550B772A}.Debug|x64.ActiveCfg = Debug|Any CPU
		{CE2C8794-3499-47FD-A981-929D550B772A}.Debug|x64.Build.0 = Debug|Any CPU
		{CE2C8794-3499-47FD-A981-929D550B772A}.Debug|x86.ActiveCfg = Debug|Any CPU
		{CE2C8794-3499-47FD-A981-929D550B772A}.Debug|x86.Build.0 = Debug|Any CPU
		{CE2C8794-3499-47FD-A981-929D550B772A}.Release|Any CPU.ActiveCfg = Release|Any CPU
		{CE2C8794-3499-47FD-A981-929D550B772A}.Release|Any CPU.Build.0 = Release|Any CPU
		{CE2C8794-3499-47FD-A981-929D550B772A}.Release|arm64.ActiveCfg = Release|Any CPU
		{CE2C8794-3499-47FD-A981-929D550B772A}.Release|arm64.Build.0 = Release|Any CPU
		{CE2C8794-3499-47FD-A981-929D550B772A}.Release|x64.ActiveCfg = Release|Any CPU
		{CE2C8794-3499-47FD-A981-929D550B772A}.Release|x64.Build.0 = Release|Any CPU
		{CE2C8794-3499-47FD-A981-929D550B772A}.Release|x86.ActiveCfg = Release|Any CPU
		{CE2C8794-3499-47FD-A981-929D550B772A}.Release|x86.Build.0 = Release|Any CPU
		{E3484CE7-CC40-46E8-A876-0B56E4B9BB91}.Debug|Any CPU.ActiveCfg = Debug|Any CPU
		{E3484CE7-CC40-46E8-A876-0B56E4B9BB91}.Debug|Any CPU.Build.0 = Debug|Any CPU
		{E3484CE7-CC40-46E8-A876-0B56E4B9BB91}.Debug|arm64.ActiveCfg = Debug|Any CPU
		{E3484CE7-CC40-46E8-A876-0B56E4B9BB91}.Debug|arm64.Build.0 = Debug|Any CPU
		{E3484CE7-CC40-46E8-A876-0B56E4B9BB91}.Debug|x64.ActiveCfg = Debug|Any CPU
		{E3484CE7-CC40-46E8-A876-0B56E4B9BB91}.Debug|x64.Build.0 = Debug|Any CPU
		{E3484CE7-CC40-46E8-A876-0B56E4B9BB91}.Debug|x86.ActiveCfg = Debug|Any CPU
		{E3484CE7-CC40-46E8-A876-0B56E4B9BB91}.Debug|x86.Build.0 = Debug|Any CPU
		{E3484CE7-CC40-46E8-A876-0B56E4B9BB91}.Release|Any CPU.ActiveCfg = Release|Any CPU
		{E3484CE7-CC40-46E8-A876-0B56E4B9BB91}.Release|Any CPU.Build.0 = Release|Any CPU
		{E3484CE7-CC40-46E8-A876-0B56E4B9BB91}.Release|arm64.ActiveCfg = Release|Any CPU
		{E3484CE7-CC40-46E8-A876-0B56E4B9BB91}.Release|arm64.Build.0 = Release|Any CPU
		{E3484CE7-CC40-46E8-A876-0B56E4B9BB91}.Release|x64.ActiveCfg = Release|Any CPU
		{E3484CE7-CC40-46E8-A876-0B56E4B9BB91}.Release|x64.Build.0 = Release|Any CPU
		{E3484CE7-CC40-46E8-A876-0B56E4B9BB91}.Release|x86.ActiveCfg = Release|Any CPU
		{E3484CE7-CC40-46E8-A876-0B56E4B9BB91}.Release|x86.Build.0 = Release|Any CPU
		{512FE5F1-BEAC-4B90-9F2E-7E0304AFCE01}.Debug|Any CPU.ActiveCfg = Debug|Any CPU
		{512FE5F1-BEAC-4B90-9F2E-7E0304AFCE01}.Debug|Any CPU.Build.0 = Debug|Any CPU
		{512FE5F1-BEAC-4B90-9F2E-7E0304AFCE01}.Debug|arm64.ActiveCfg = Debug|Any CPU
		{512FE5F1-BEAC-4B90-9F2E-7E0304AFCE01}.Debug|arm64.Build.0 = Debug|Any CPU
		{512FE5F1-BEAC-4B90-9F2E-7E0304AFCE01}.Debug|x64.ActiveCfg = Debug|Any CPU
		{512FE5F1-BEAC-4B90-9F2E-7E0304AFCE01}.Debug|x64.Build.0 = Debug|Any CPU
		{512FE5F1-BEAC-4B90-9F2E-7E0304AFCE01}.Debug|x86.ActiveCfg = Debug|Any CPU
		{512FE5F1-BEAC-4B90-9F2E-7E0304AFCE01}.Debug|x86.Build.0 = Debug|Any CPU
		{512FE5F1-BEAC-4B90-9F2E-7E0304AFCE01}.Release|Any CPU.ActiveCfg = Release|Any CPU
		{512FE5F1-BEAC-4B90-9F2E-7E0304AFCE01}.Release|Any CPU.Build.0 = Release|Any CPU
		{512FE5F1-BEAC-4B90-9F2E-7E0304AFCE01}.Release|arm64.ActiveCfg = Release|Any CPU
		{512FE5F1-BEAC-4B90-9F2E-7E0304AFCE01}.Release|arm64.Build.0 = Release|Any CPU
		{512FE5F1-BEAC-4B90-9F2E-7E0304AFCE01}.Release|x64.ActiveCfg = Release|Any CPU
		{512FE5F1-BEAC-4B90-9F2E-7E0304AFCE01}.Release|x64.Build.0 = Release|Any CPU
		{512FE5F1-BEAC-4B90-9F2E-7E0304AFCE01}.Release|x86.ActiveCfg = Release|Any CPU
		{512FE5F1-BEAC-4B90-9F2E-7E0304AFCE01}.Release|x86.Build.0 = Release|Any CPU
	EndGlobalSection
	GlobalSection(SolutionProperties) = preSolution
		HideSolutionNode = FALSE
	EndGlobalSection
	GlobalSection(ExtensibilityGlobals) = postSolution
		SolutionGuid = {0040473F-AD9B-449B-81D0-718A6D81C80B}
	EndGlobalSection
EndGlobal
